Microsoft Visual Studio Solution File, Format Version 12.00
# Visual Studio Version 17
VisualStudioVersion = 17.5.2.0
MinimumVisualStudioVersion = 10.0.40219.1
Project("{FAE04EC0-301F-11D3-BF4B-00C04F79EFBC}") = "docs909", "docs909.csproj", "{6ED5F333-56EB-D274-A2D1-AA7737C281CA}"
EndProject
Global
	GlobalSection(SolutionConfigurationPlatforms) = preSolution
		Debug|Any CPU = Debug|Any CPU
		Release|Any CPU = Release|Any CPU
	EndGlobalSection
	GlobalSection(ProjectConfigurationPlatforms) = postSolution
		{6ED5F333-56EB-D274-A2D1-AA7737C281CA}.Debug|Any CPU.ActiveCfg = Debug|Any CPU
		{6ED5F333-56EB-D274-A2D1-AA7737C281CA}.Debug|Any CPU.Build.0 = Debug|Any CPU
		{6ED5F333-56EB-D274-A2D1-AA7737C281CA}.Release|Any CPU.ActiveCfg = Release|Any CPU
		{6ED5F333-56EB-D274-A2D1-AA7737C281CA}.Release|Any CPU.Build.0 = Release|Any CPU
	EndGlobalSection
	GlobalSection(SolutionProperties) = preSolution
		HideSolutionNode = FALSE
	EndGlobalSection
	GlobalSection(ExtensibilityGlobals) = postSolution
		SolutionGuid = {14617F65-9ADC-4773-BD1F-AAAB8DEB87D1}
	EndGlobalSection
EndGlobal
