
Microsoft Visual Studio Solution File, Format Version 12.00
# Visual Studio Version 17
VisualStudioVersion = 17.8.34309.116
MinimumVisualStudioVersion = 10.0.40219.1
Project("{9A19103F-16F7-4668-BE54-9A1E7A4F7556}") = "Issue4554", "Issue4554.csproj", "{B24C41E2-A4ED-46DE-A3D8-01725AC75CB0}"
EndProject
Global
	GlobalSection(SolutionConfigurationPlatforms) = preSolution
		Debug|Any CPU = Debug|Any CPU
		Release|Any CPU = Release|Any CPU
	EndGlobalSection
	GlobalSection(ProjectConfigurationPlatforms) = postSolution
		{B24C41E2-A4ED-46DE-A3D8-01725AC75CB0}.Debug|Any CPU.ActiveCfg = Debug|Any CPU
		{B24C41E2-A4ED-46DE-A3D8-01725AC75CB0}.Debug|Any CPU.Build.0 = Debug|Any CPU
		{B24C41E2-A4ED-46DE-A3D8-01725AC75CB0}.Release|Any CPU.ActiveCfg = Release|Any CPU
		{B24C41E2-A4ED-46DE-A3D8-01725AC75CB0}.Release|Any CPU.Build.0 = Release|Any CPU
	EndGlobalSection
	GlobalSection(SolutionProperties) = preSolution
		HideSolutionNode = FALSE
	EndGlobalSection
	GlobalSection(ExtensibilityGlobals) = postSolution
		SolutionGuid = {9F29585B-203A-4C48-A0A8-24B22C548709}
	EndGlobalSection
EndGlobal
