
Microsoft Visual Studio Solution File, Format Version 12.00
# Visual Studio Version 17
VisualStudioVersion = 17.0.31903.59
MinimumVisualStudioVersion = 10.0.40219.1
Project("{FAE04EC0-301F-11D3-BF4B-00C04F79EFBC}") = "WebApp", "WebApp\WebApp.csproj", "{C11991DD-BD92-4425-9171-E5C0A505B191}"
EndProject
Project("{FAE04EC0-301F-11D3-BF4B-00C04F79EFBC}") = "WebAppIntegrationTesting", "WebAppIntegrationTesting\WebAppIntegrationTesting.csproj", "{7936D90B-B770-44B6-A7C6-930F14311EA5}"
EndProject
Project("{FAE04EC0-301F-11D3-BF4B-00C04F79EFBC}") = "WebAppIntegrationTesting.MsTest", "WebAppIntegrationTesting.MsTest\WebAppIntegrationTesting.MsTest.csproj", "{0514AA8E-AF4D-4EE7-B271-ED6105C1B485}"
EndProject
Global
	GlobalSection(SolutionConfigurationPlatforms) = preSolution
		Debug|Any CPU = Debug|Any CPU
		Release|Any CPU = Release|Any CPU
	EndGlobalSection
	GlobalSection(SolutionProperties) = preSolution
		HideSolutionNode = FALSE
	EndGlobalSection
	GlobalSection(ProjectConfigurationPlatforms) = postSolution
		{C11991DD-BD92-4425-9171-E5C0A505B191}.Debug|Any CPU.ActiveCfg = Debug|Any CPU
		{C11991DD-BD92-4425-9171-E5C0A505B191}.Debug|Any CPU.Build.0 = Debug|Any CPU
		{C11991DD-BD92-4425-9171-E5C0A505B191}.Release|Any CPU.ActiveCfg = Release|Any CPU
		{C11991DD-BD92-4425-9171-E5C0A505B191}.Release|Any CPU.Build.0 = Release|Any CPU
		{7936D90B-B770-44B6-A7C6-930F14311EA5}.Debug|Any CPU.ActiveCfg = Debug|Any CPU
		{7936D90B-B770-44B6-A7C6-930F14311EA5}.Debug|Any CPU.Build.0 = Debug|Any CPU
		{7936D90B-B770-44B6-A7C6-930F14311EA5}.Release|Any CPU.ActiveCfg = Release|Any CPU
		{7936D90B-B770-44B6-A7C6-930F14311EA5}.Release|Any CPU.Build.0 = Release|Any CPU
		{0514AA8E-AF4D-4EE7-B271-ED6105C1B485}.Debug|Any CPU.ActiveCfg = Debug|Any CPU
		{0514AA8E-AF4D-4EE7-B271-ED6105C1B485}.Debug|Any CPU.Build.0 = Debug|Any CPU
		{0514AA8E-AF4D-4EE7-B271-ED6105C1B485}.Release|Any CPU.ActiveCfg = Release|Any CPU
		{0514AA8E-AF4D-4EE7-B271-ED6105C1B485}.Release|Any CPU.Build.0 = Release|Any CPU
	EndGlobalSection
EndGlobal
