Microsoft Visual Studio Solution File, Format Version 12.00
# Visual Studio Version 17
VisualStudioVersion = 17.5.2.0
MinimumVisualStudioVersion = 10.0.40219.1
Project("{FAE04EC0-301F-11D3-BF4B-00C04F79EFBC}") = "Issue1151", "Issue1151.csproj", "{F0E87718-4542-36E8-470F-61FEB4F466B5}"
EndProject
Global
	GlobalSection(SolutionConfigurationPlatforms) = preSolution
		Debug|Any CPU = Debug|Any CPU
		Release|Any CPU = Release|Any CPU
	EndGlobalSection
	GlobalSection(ProjectConfigurationPlatforms) = postSolution
		{F0E87718-4542-36E8-470F-61FEB4F466B5}.Debug|Any CPU.ActiveCfg = Debug|Any CPU
		{F0E87718-4542-36E8-470F-61FEB4F466B5}.Debug|Any CPU.Build.0 = Debug|Any CPU
		{F0E87718-4542-36E8-470F-61FEB4F466B5}.Release|Any CPU.ActiveCfg = Release|Any CPU
		{F0E87718-4542-36E8-470F-61FEB4F466B5}.Release|Any CPU.Build.0 = Release|Any CPU
	EndGlobalSection
	GlobalSection(SolutionProperties) = preSolution
		HideSolutionNode = FALSE
	EndGlobalSection
	GlobalSection(ExtensibilityGlobals) = postSolution
		SolutionGuid = {CFFF2313-7E80-4451-945F-F6C0505AFA7A}
	EndGlobalSection
EndGlobal
