
Microsoft Visual Studio Solution File, Format Version 12.00
# Visual Studio Version 17
VisualStudioVersion = 17.0.31903.59
MinimumVisualStudioVersion = 10.0.40219.1
Project("{FAE04EC0-301F-11D3-BF4B-00C04F79EFBC}") = "lastversion", "lastversion\lastversion.csproj", "{C1CABF27-49E1-4AB1-A52D-010A12E436ED}"
EndProject
Project("{FAE04EC0-301F-11D3-BF4B-00C04F79EFBC}") = "currentversion", "currentversion\currentversion.csproj", "{C4B9E12A-8F43-49F1-A27F-F545EFE697F9}"
	ProjectSection(ProjectDependencies) = postProject
		{C1CABF27-49E1-4AB1-A52D-010A12E436ED} = {C1CABF27-49E1-4AB1-A52D-010A12E436ED}
	EndProjectSection
EndProject
Global
	GlobalSection(SolutionConfigurationPlatforms) = preSolution
		Debug|Any CPU = Debug|Any CPU
		Debug|x64 = Debug|x64
		Debug|x86 = Debug|x86
		Release|Any CPU = Release|Any CPU
		Release|x64 = Release|x64
		Release|x86 = Release|x86
	EndGlobalSection
	GlobalSection(ProjectConfigurationPlatforms) = postSolution
		{C1CABF27-49E1-4AB1-A52D-010A12E436ED}.Debug|Any CPU.ActiveCfg = Debug|Any CPU
		{C1CABF27-49E1-4AB1-A52D-010A12E436ED}.Debug|Any CPU.Build.0 = Debug|Any CPU
		{C1CABF27-49E1-4AB1-A52D-010A12E436ED}.Debug|x64.ActiveCfg = Debug|Any CPU
		{C1CABF27-49E1-4AB1-A52D-010A12E436ED}.Debug|x64.Build.0 = Debug|Any CPU
		{C1CABF27-49E1-4AB1-A52D-010A12E436ED}.Debug|x86.ActiveCfg = Debug|Any CPU
		{C1CABF27-49E1-4AB1-A52D-010A12E436ED}.Debug|x86.Build.0 = Debug|Any CPU
		{C1CABF27-49E1-4AB1-A52D-010A12E436ED}.Release|Any CPU.ActiveCfg = Release|Any CPU
		{C1CABF27-49E1-4AB1-A52D-010A12E436ED}.Release|Any CPU.Build.0 = Release|Any CPU
		{C1CABF27-49E1-4AB1-A52D-010A12E436ED}.Release|x64.ActiveCfg = Release|Any CPU
		{C1CABF27-49E1-4AB1-A52D-010A12E436ED}.Release|x64.Build.0 = Release|Any CPU
		{C1CABF27-49E1-4AB1-A52D-010A12E436ED}.Release|x86.ActiveCfg = Release|Any CPU
		{C1CABF27-49E1-4AB1-A52D-010A12E436ED}.Release|x86.Build.0 = Release|Any CPU
		{C4B9E12A-8F43-49F1-A27F-F545EFE697F9}.Debug|Any CPU.ActiveCfg = Debug|Any CPU
		{C4B9E12A-8F43-49F1-A27F-F545EFE697F9}.Debug|Any CPU.Build.0 = Debug|Any CPU
		{C4B9E12A-8F43-49F1-A27F-F545EFE697F9}.Debug|x64.ActiveCfg = Debug|Any CPU
		{C4B9E12A-8F43-49F1-A27F-F545EFE697F9}.Debug|x64.Build.0 = Debug|Any CPU
		{C4B9E12A-8F43-49F1-A27F-F545EFE697F9}.Debug|x86.ActiveCfg = Debug|Any CPU
		{C4B9E12A-8F43-49F1-A27F-F545EFE697F9}.Debug|x86.Build.0 = Debug|Any CPU
		{C4B9E12A-8F43-49F1-A27F-F545EFE697F9}.Release|Any CPU.ActiveCfg = Release|Any CPU
		{C4B9E12A-8F43-49F1-A27F-F545EFE697F9}.Release|Any CPU.Build.0 = Release|Any CPU
		{C4B9E12A-8F43-49F1-A27F-F545EFE697F9}.Release|x64.ActiveCfg = Release|Any CPU
		{C4B9E12A-8F43-49F1-A27F-F545EFE697F9}.Release|x64.Build.0 = Release|Any CPU
		{C4B9E12A-8F43-49F1-A27F-F545EFE697F9}.Release|x86.ActiveCfg = Release|Any CPU
		{C4B9E12A-8F43-49F1-A27F-F545EFE697F9}.Release|x86.Build.0 = Release|Any CPU
	EndGlobalSection
	GlobalSection(SolutionProperties) = preSolution
		HideSolutionNode = FALSE
	EndGlobalSection
	GlobalSection(ExtensibilityGlobals) = postSolution
		SolutionGuid = {7E8D0C64-F6C8-4125-B2E7-F7BBE76AAD03}
	EndGlobalSection
EndGlobal
