Microsoft Visual Studio Solution File, Format Version 12.00
# Visual Studio Version 17
VisualStudioVersion = 17.5.2.0
MinimumVisualStudioVersion = 10.0.40219.1
Project("{FAE04EC0-301F-11D3-BF4B-00C04F79EFBC}") = "Issue5132", "Issue5132.csproj", "{07ADE7AA-8BF5-B544-55AE-0A3DB62B0A02}"
EndProject
Global
	GlobalSection(SolutionConfigurationPlatforms) = preSolution
		Debug|Any CPU = Debug|Any CPU
		Release|Any CPU = Release|Any CPU
	EndGlobalSection
	GlobalSection(ProjectConfigurationPlatforms) = postSolution
		{07ADE7AA-8BF5-B544-55AE-0A3DB62B0A02}.Debug|Any CPU.ActiveCfg = Debug|Any CPU
		{07ADE7AA-8BF5-B544-55AE-0A3DB62B0A02}.Debug|Any CPU.Build.0 = Debug|Any CPU
		{07ADE7AA-8BF5-B544-55AE-0A3DB62B0A02}.Release|Any CPU.ActiveCfg = Release|Any CPU
		{07ADE7AA-8BF5-B544-55AE-0A3DB62B0A02}.Release|Any CPU.Build.0 = Release|Any CPU
	EndGlobalSection
	GlobalSection(SolutionProperties) = preSolution
		HideSolutionNode = FALSE
	EndGlobalSection
	GlobalSection(ExtensibilityGlobals) = postSolution
		SolutionGuid = {A207C403-9223-44F2-87B8-A2D0E24A2AF1}
	EndGlobalSection
EndGlobal
