
Microsoft Visual Studio Solution File, Format Version 12.00
# Visual Studio Version 17
VisualStudioVersion = 17.7.34202.233
MinimumVisualStudioVersion = 10.0.40219.1
Project("{9A19103F-16F7-4668-BE54-9A1E7A4F7556}") = "Issue4537", "Issue4537.csproj", "{129A41E7-837A-4DDC-90A5-380F4427DB1E}"
EndProject
Global
	GlobalSection(SolutionConfigurationPlatforms) = preSolution
		Debug|Any CPU = Debug|Any CPU
		Release|Any CPU = Release|Any CPU
	EndGlobalSection
	GlobalSection(ProjectConfigurationPlatforms) = postSolution
		{129A41E7-837A-4DDC-90A5-380F4427DB1E}.Debug|Any CPU.ActiveCfg = Debug|Any CPU
		{129A41E7-837A-4DDC-90A5-380F4427DB1E}.Debug|Any CPU.Build.0 = Debug|Any CPU
		{129A41E7-837A-4DDC-90A5-380F4427DB1E}.Release|Any CPU.ActiveCfg = Release|Any CPU
		{129A41E7-837A-4DDC-90A5-380F4427DB1E}.Release|Any CPU.Build.0 = Release|Any CPU
	EndGlobalSection
	GlobalSection(SolutionProperties) = preSolution
		HideSolutionNode = FALSE
	EndGlobalSection
	GlobalSection(ExtensibilityGlobals) = postSolution
		SolutionGuid = {94AF1FC5-A2FC-42F4-ACB1-AD671123C7D5}
	EndGlobalSection
EndGlobal
