
Microsoft Visual Studio Solution File, Format Version 12.00
# Visual Studio Version 17
VisualStudioVersion = 17.5.002.0
MinimumVisualStudioVersion = 10.0.40219.1
Project("{9A19103F-16F7-4668-BE54-9A1E7A4F7556}") = "Issue4880", "Issue4880.csproj", "{EDA077E4-1DF5-4167-B525-5C68D72BCBB1}"
EndProject
Global
	GlobalSection(SolutionConfigurationPlatforms) = preSolution
		Debug|Any CPU = Debug|Any CPU
		Release|Any CPU = Release|Any CPU
	EndGlobalSection
	GlobalSection(ProjectConfigurationPlatforms) = postSolution
		{EDA077E4-1DF5-4167-B525-5C68D72BCBB1}.Debug|Any CPU.ActiveCfg = Debug|Any CPU
		{EDA077E4-1DF5-4167-B525-5C68D72BCBB1}.Debug|Any CPU.Build.0 = Debug|Any CPU
		{EDA077E4-1DF5-4167-B525-5C68D72BCBB1}.Release|Any CPU.ActiveCfg = Release|Any CPU
		{EDA077E4-1DF5-4167-B525-5C68D72BCBB1}.Release|Any CPU.Build.0 = Release|Any CPU
	EndGlobalSection
	GlobalSection(SolutionProperties) = preSolution
		HideSolutionNode = FALSE
	EndGlobalSection
	GlobalSection(ExtensibilityGlobals) = postSolution
		SolutionGuid = {2490A343-B76C-478E-8094-F0D6B9EBCBD6}
	EndGlobalSection
EndGlobal
