
Microsoft Visual Studio Solution File, Format Version 12.00
# Visual Studio Version 18
VisualStudioVersion = 18.2.11415.280 d18.0
MinimumVisualStudioVersion = 10.0.40219.1
Project("{FAE04EC0-301F-11D3-BF4B-00C04F79EFBC}") = "Issue5146", "Issue5146.csproj", "{5AD31D81-1097-9926-0635-6F11D5E33A65}"
EndProject
Global
	GlobalSection(SolutionConfigurationPlatforms) = preSolution
		Debug|Any CPU = Debug|Any CPU
		Release|Any CPU = Release|Any CPU
	EndGlobalSection
	GlobalSection(ProjectConfigurationPlatforms) = postSolution
		{5AD31D81-1097-9926-0635-6F11D5E33A65}.Debug|Any CPU.ActiveCfg = Debug|Any CPU
		{5AD31D81-1097-9926-0635-6F11D5E33A65}.Debug|Any CPU.Build.0 = Debug|Any CPU
		{5AD31D81-1097-9926-0635-6F11D5E33A65}.Release|Any CPU.ActiveCfg = Release|Any CPU
		{5AD31D81-1097-9926-0635-6F11D5E33A65}.Release|Any CPU.Build.0 = Release|Any CPU
	EndGlobalSection
	GlobalSection(SolutionProperties) = preSolution
		HideSolutionNode = FALSE
	EndGlobalSection
	GlobalSection(ExtensibilityGlobals) = postSolution
		SolutionGuid = {D3BF9CB3-3E40-4D8B-9715-9A66022ABADF}
	EndGlobalSection
EndGlobal
