
Microsoft Visual Studio Solution File, Format Version 12.00
# Visual Studio Version 17
VisualStudioVersion = 17.11.35312.102
MinimumVisualStudioVersion = 10.0.40219.1
Project("{9A19103F-16F7-4668-BE54-9A1E7A4F7556}") = "Issue4833", "Issue4833.csproj", "{FA8D2A89-5D9F-44A7-BF43-F261EEE25754}"
EndProject
Global
	GlobalSection(SolutionConfigurationPlatforms) = preSolution
		Debug|Any CPU = Debug|Any CPU
		Release|Any CPU = Release|Any CPU
	EndGlobalSection
	GlobalSection(ProjectConfigurationPlatforms) = postSolution
		{FA8D2A89-5D9F-44A7-BF43-F261EEE25754}.Debug|Any CPU.ActiveCfg = Debug|Any CPU
		{FA8D2A89-5D9F-44A7-BF43-F261EEE25754}.Debug|Any CPU.Build.0 = Debug|Any CPU
		{FA8D2A89-5D9F-44A7-BF43-F261EEE25754}.Release|Any CPU.ActiveCfg = Release|Any CPU
		{FA8D2A89-5D9F-44A7-BF43-F261EEE25754}.Release|Any CPU.Build.0 = Release|Any CPU
	EndGlobalSection
	GlobalSection(SolutionProperties) = preSolution
		HideSolutionNode = FALSE
	EndGlobalSection
	GlobalSection(ExtensibilityGlobals) = postSolution
		SolutionGuid = {49ADE965-CDC5-4583-BCDB-625FB9E078FF}
	EndGlobalSection
EndGlobal
