
Microsoft Visual Studio Solution File, Format Version 12.00
# Visual Studio Version 17
VisualStudioVersion = 17.5.33627.172
MinimumVisualStudioVersion = 10.0.40219.1
Project("{9A19103F-16F7-4668-BE54-9A1E7A4F7556}") = "Issue4406", "Issue4406.csproj", "{B7D98D47-A9EF-4784-9F3E-67ABFC4CBF0C}"
EndProject
Project("{2150E333-8FDC-42A3-9474-1A3956D46DE8}") = "Solution Items", "Solution Items", "{2DDBEF04-F651-4B69-B96E-2B1F506D3473}"
	ProjectSection(SolutionItems) = preProject
		.runsettings = .runsettings
		nuget.config = nuget.config
	EndProjectSection
EndProject
Global
	GlobalSection(SolutionConfigurationPlatforms) = preSolution
		Debug|Any CPU = Debug|Any CPU
		Release|Any CPU = Release|Any CPU
	EndGlobalSection
	GlobalSection(ProjectConfigurationPlatforms) = postSolution
		{B7D98D47-A9EF-4784-9F3E-67ABFC4CBF0C}.Debug|Any CPU.ActiveCfg = Debug|Any CPU
		{B7D98D47-A9EF-4784-9F3E-67ABFC4CBF0C}.Debug|Any CPU.Build.0 = Debug|Any CPU
		{B7D98D47-A9EF-4784-9F3E-67ABFC4CBF0C}.Release|Any CPU.ActiveCfg = Release|Any CPU
		{B7D98D47-A9EF-4784-9F3E-67ABFC4CBF0C}.Release|Any CPU.Build.0 = Release|Any CPU
	EndGlobalSection
	GlobalSection(SolutionProperties) = preSolution
		HideSolutionNode = FALSE
	EndGlobalSection
	GlobalSection(ExtensibilityGlobals) = postSolution
		SolutionGuid = {193CEF5D-B919-4D75-90F0-D8A37F7C722D}
	EndGlobalSection
EndGlobal
