
Microsoft Visual Studio Solution File, Format Version 12.00
# Visual Studio Version 17
VisualStudioVersion = 17.8.34511.84
MinimumVisualStudioVersion = 10.0.40219.1
Project("{9A19103F-16F7-4668-BE54-9A1E7A4F7556}") = "Issue4268", "Issue4268.csproj", "{69FE1AE7-C157-4C48-A1FA-913F89E7644F}"
EndProject
Project("{2150E333-8FDC-42A3-9474-1A3956D46DE8}") = "Solution Items", "Solution Items", "{757B659F-B484-4FC1-8FBF-E6269DCE1D54}"
	ProjectSection(SolutionItems) = preProject
		.runsettings = .runsettings
	EndProjectSection
EndProject
Global
	GlobalSection(SolutionConfigurationPlatforms) = preSolution
		Debug|Any CPU = Debug|Any CPU
		Release|Any CPU = Release|Any CPU
	EndGlobalSection
	GlobalSection(ProjectConfigurationPlatforms) = postSolution
		{69FE1AE7-C157-4C48-A1FA-913F89E7644F}.Debug|Any CPU.ActiveCfg = Debug|Any CPU
		{69FE1AE7-C157-4C48-A1FA-913F89E7644F}.Debug|Any CPU.Build.0 = Debug|Any CPU
		{69FE1AE7-C157-4C48-A1FA-913F89E7644F}.Release|Any CPU.ActiveCfg = Release|Any CPU
		{69FE1AE7-C157-4C48-A1FA-913F89E7644F}.Release|Any CPU.Build.0 = Release|Any CPU
	EndGlobalSection
	GlobalSection(SolutionProperties) = preSolution
		HideSolutionNode = FALSE
	EndGlobalSection
	GlobalSection(ExtensibilityGlobals) = postSolution
		SolutionGuid = {7AD6DA22-36C3-46D9-90CE-9EF2CDCD992A}
	EndGlobalSection
EndGlobal
