
Microsoft Visual Studio Solution File, Format Version 12.00
# Visual Studio Version 17
VisualStudioVersion = 17.6.33829.357
MinimumVisualStudioVersion = 10.0.40219.1
Project("{9A19103F-16F7-4668-BE54-9A1E7A4F7556}") = "TestProject1", "TestProject1.csproj", "{D51D3E14-E4E3-4F0C-85EF-CCC2CF618FDF}"
EndProject
Project("{2150E333-8FDC-42A3-9474-1A3956D46DE8}") = "Solution Items", "Solution Items", "{16709F34-DFD8-444A-84D7-04A05279A820}"
	ProjectSection(SolutionItems) = preProject
		.runsettings = .runsettings
	EndProjectSection
EndProject
Global
	GlobalSection(SolutionConfigurationPlatforms) = preSolution
		Debug|Any CPU = Debug|Any CPU
		Release|Any CPU = Release|Any CPU
	EndGlobalSection
	GlobalSection(ProjectConfigurationPlatforms) = postSolution
		{D51D3E14-E4E3-4F0C-85EF-CCC2CF618FDF}.Debug|Any CPU.ActiveCfg = Debug|Any CPU
		{D51D3E14-E4E3-4F0C-85EF-CCC2CF618FDF}.Debug|Any CPU.Build.0 = Debug|Any CPU
		{D51D3E14-E4E3-4F0C-85EF-CCC2CF618FDF}.Release|Any CPU.ActiveCfg = Release|Any CPU
		{D51D3E14-E4E3-4F0C-85EF-CCC2CF618FDF}.Release|Any CPU.Build.0 = Release|Any CPU
	EndGlobalSection
	GlobalSection(SolutionProperties) = preSolution
		HideSolutionNode = FALSE
	EndGlobalSection
	GlobalSection(ExtensibilityGlobals) = postSolution
		SolutionGuid = {25C786A7-0170-4C13-A5C6-B946771BC394}
	EndGlobalSection
EndGlobal
