Microsoft Visual Studio Solution File, Format Version 12.00
# Visual Studio Version 18
VisualStudioVersion = 18.2.11415.280 d18.0
MinimumVisualStudioVersion = 10.0.40219.1
Project("{FAE04EC0-301F-11D3-BF4B-00C04F79EFBC}") = "Issue5152", "Issue5152.csproj", "{E24E7508-7EC2-F684-64CB-D0108BED1E7E}"
EndProject
Project("{FAE04EC0-301F-11D3-BF4B-00C04F79EFBC}") = "nunit.framework", "..\..\nunit\src\NUnitFramework\framework\nunit.framework.csproj", "{AFBA365F-6A7E-96E0-BC67-3DC98E877A42}"
EndProject
Global
	GlobalSection(SolutionConfigurationPlatforms) = preSolution
		Debug|Any CPU = Debug|Any CPU
		Release|Any CPU = Release|Any CPU
	EndGlobalSection
	GlobalSection(ProjectConfigurationPlatforms) = postSolution
		{E24E7508-7EC2-F684-64CB-D0108BED1E7E}.Debug|Any CPU.ActiveCfg = Debug|Any CPU
		{E24E7508-7EC2-F684-64CB-D0108BED1E7E}.Debug|Any CPU.Build.0 = Debug|Any CPU
		{E24E7508-7EC2-F684-64CB-D0108BED1E7E}.Release|Any CPU.ActiveCfg = Release|Any CPU
		{E24E7508-7EC2-F684-64CB-D0108BED1E7E}.Release|Any CPU.Build.0 = Release|Any CPU
		{AFBA365F-6A7E-96E0-BC67-3DC98E877A42}.Debug|Any CPU.ActiveCfg = Debug|Any CPU
		{AFBA365F-6A7E-96E0-BC67-3DC98E877A42}.Debug|Any CPU.Build.0 = Debug|Any CPU
		{AFBA365F-6A7E-96E0-BC67-3DC98E877A42}.Release|Any CPU.ActiveCfg = Release|Any CPU
		{AFBA365F-6A7E-96E0-BC67-3DC98E877A42}.Release|Any CPU.Build.0 = Release|Any CPU
	EndGlobalSection
	GlobalSection(SolutionProperties) = preSolution
		HideSolutionNode = FALSE
	EndGlobalSection
	GlobalSection(ExtensibilityGlobals) = postSolution
		SolutionGuid = {92CA20AC-44B3-409C-A3A5-F7AF1D961F06}
	EndGlobalSection
EndGlobal
