
Microsoft Visual Studio Solution File, Format Version 12.00
# Visual Studio Version 17
VisualStudioVersion = 17.5.33627.172
MinimumVisualStudioVersion = 10.0.40219.1
Project("{9A19103F-16F7-4668-BE54-9A1E7A4F7556}") = "Issue4446", "Issue4446.csproj", "{1D9493DB-E2CF-4B02-82AD-86A7CEC26DC2}"
EndProject
Project("{2150E333-8FDC-42A3-9474-1A3956D46DE8}") = "Solution Items", "Solution Items", "{90C0A635-F65E-4E67-88D4-A20B6F1C082D}"
	ProjectSection(SolutionItems) = preProject
		.runsettings = .runsettings
	EndProjectSection
EndProject
Global
	GlobalSection(SolutionConfigurationPlatforms) = preSolution
		Debug|Any CPU = Debug|Any CPU
		Release|Any CPU = Release|Any CPU
	EndGlobalSection
	GlobalSection(ProjectConfigurationPlatforms) = postSolution
		{1D9493DB-E2CF-4B02-82AD-86A7CEC26DC2}.Debug|Any CPU.ActiveCfg = Debug|Any CPU
		{1D9493DB-E2CF-4B02-82AD-86A7CEC26DC2}.Debug|Any CPU.Build.0 = Debug|Any CPU
		{1D9493DB-E2CF-4B02-82AD-86A7CEC26DC2}.Release|Any CPU.ActiveCfg = Release|Any CPU
		{1D9493DB-E2CF-4B02-82AD-86A7CEC26DC2}.Release|Any CPU.Build.0 = Release|Any CPU
	EndGlobalSection
	GlobalSection(SolutionProperties) = preSolution
		HideSolutionNode = FALSE
	EndGlobalSection
	GlobalSection(ExtensibilityGlobals) = postSolution
		SolutionGuid = {2BD58E0D-3095-44E3-95DD-F77091EBF1DC}
	EndGlobalSection
EndGlobal
