
Microsoft Visual Studio Solution File, Format Version 12.00
# Visual Studio Version 17
VisualStudioVersion = 17.5.002.0
MinimumVisualStudioVersion = 10.0.40219.1
Project("{9A19103F-16F7-4668-BE54-9A1E7A4F7556}") = "dotnet-nunit-asp-console-writeline", "dotnet-nunit-asp-console-writeline.csproj", "{783587D9-3064-42F5-9AF1-B1A74B1DBC12}"
EndProject
Global
	GlobalSection(SolutionConfigurationPlatforms) = preSolution
		Debug|Any CPU = Debug|Any CPU
		Release|Any CPU = Release|Any CPU
	EndGlobalSection
	GlobalSection(ProjectConfigurationPlatforms) = postSolution
		{783587D9-3064-42F5-9AF1-B1A74B1DBC12}.Debug|Any CPU.ActiveCfg = Debug|Any CPU
		{783587D9-3064-42F5-9AF1-B1A74B1DBC12}.Debug|Any CPU.Build.0 = Debug|Any CPU
		{783587D9-3064-42F5-9AF1-B1A74B1DBC12}.Release|Any CPU.ActiveCfg = Release|Any CPU
		{783587D9-3064-42F5-9AF1-B1A74B1DBC12}.Release|Any CPU.Build.0 = Release|Any CPU
	EndGlobalSection
	GlobalSection(SolutionProperties) = preSolution
		HideSolutionNode = FALSE
	EndGlobalSection
	GlobalSection(ExtensibilityGlobals) = postSolution
		SolutionGuid = {53DB89CF-EA83-4231-8456-5A7895A1AA9F}
	EndGlobalSection
EndGlobal
