
Microsoft Visual Studio Solution File, Format Version 12.00
# Visual Studio Version 17
VisualStudioVersion = 17.0.31903.59
MinimumVisualStudioVersion = 10.0.40219.1
Project("{9A19103F-16F7-4668-BE54-9A1E7A4F7556}") = "demo.testenv", "demo.testenv\demo.testenv.csproj", "{6CD84454-541D-47DC-9743-F564BB2C0E53}"
EndProject
Project("{9A19103F-16F7-4668-BE54-9A1E7A4F7556}") = "demo.testenvpluslogging", "demo.testenvpluslogging\demo.testenvpluslogging.csproj", "{AE99C8FF-7DB0-4D48-A058-AD26A493A8BC}"
EndProject
Global
	GlobalSection(SolutionConfigurationPlatforms) = preSolution
		Debug|Any CPU = Debug|Any CPU
		Release|Any CPU = Release|Any CPU
	EndGlobalSection
	GlobalSection(ProjectConfigurationPlatforms) = postSolution
		{6CD84454-541D-47DC-9743-F564BB2C0E53}.Debug|Any CPU.ActiveCfg = Debug|Any CPU
		{6CD84454-541D-47DC-9743-F564BB2C0E53}.Debug|Any CPU.Build.0 = Debug|Any CPU
		{6CD84454-541D-47DC-9743-F564BB2C0E53}.Release|Any CPU.ActiveCfg = Release|Any CPU
		{6CD84454-541D-47DC-9743-F564BB2C0E53}.Release|Any CPU.Build.0 = Release|Any CPU
		{AE99C8FF-7DB0-4D48-A058-AD26A493A8BC}.Debug|Any CPU.ActiveCfg = Debug|Any CPU
		{AE99C8FF-7DB0-4D48-A058-AD26A493A8BC}.Debug|Any CPU.Build.0 = Debug|Any CPU
		{AE99C8FF-7DB0-4D48-A058-AD26A493A8BC}.Release|Any CPU.ActiveCfg = Release|Any CPU
		{AE99C8FF-7DB0-4D48-A058-AD26A493A8BC}.Release|Any CPU.Build.0 = Release|Any CPU
	EndGlobalSection
	GlobalSection(SolutionProperties) = preSolution
		HideSolutionNode = FALSE
	EndGlobalSection
EndGlobal
