
Microsoft Visual Studio Solution File, Format Version 12.00
# Visual Studio Version 17
VisualStudioVersion = 17.5.002.0
MinimumVisualStudioVersion = 10.0.40219.1
Project("{9A19103F-16F7-4668-BE54-9A1E7A4F7556}") = "Issue3849", "Issue3849.csproj", "{2D6D39C5-D2E3-4F2D-8FBB-ECE0D6698D0B}"
EndProject
Global
	GlobalSection(SolutionConfigurationPlatforms) = preSolution
		Debug|Any CPU = Debug|Any CPU
		Release|Any CPU = Release|Any CPU
	EndGlobalSection
	GlobalSection(ProjectConfigurationPlatforms) = postSolution
		{2D6D39C5-D2E3-4F2D-8FBB-ECE0D6698D0B}.Debug|Any CPU.ActiveCfg = Debug|Any CPU
		{2D6D39C5-D2E3-4F2D-8FBB-ECE0D6698D0B}.Debug|Any CPU.Build.0 = Debug|Any CPU
		{2D6D39C5-D2E3-4F2D-8FBB-ECE0D6698D0B}.Release|Any CPU.ActiveCfg = Release|Any CPU
		{2D6D39C5-D2E3-4F2D-8FBB-ECE0D6698D0B}.Release|Any CPU.Build.0 = Release|Any CPU
	EndGlobalSection
	GlobalSection(SolutionProperties) = preSolution
		HideSolutionNode = FALSE
	EndGlobalSection
	GlobalSection(ExtensibilityGlobals) = postSolution
		SolutionGuid = {4CDDF7A0-58DD-4BC3-A98B-407FBC5B10DE}
	EndGlobalSection
EndGlobal
